Microsoft Visual Studio Solution File, Format Version 12.00
# Visual Studio Version 17
VisualStudioVersion = 17.1.32210.238
MinimumVisualStudioVersion = 10.0.40219.1
Project("{FAE04EC0-301F-11D3-BF4B-00C04F79EFBC}") = "FRFuel", "FRFuel.csproj", "{11AE476B-DD55-40F9-A374-174808F0C106}"
EndProject
Global
	GlobalSection(SolutionConfigurationPlatforms) = preSolution
		Debug|Any CPU = Debug|Any CPU
		Release|Any CPU = Release|Any CPU
	EndGlobalSection
	GlobalSection(ProjectConfigurationPlatforms) = postSolution
		{11AE476B-DD55-40F9-A374-174808F0C106}.Debug|Any CPU.ActiveCfg = Release|Any CPU
		{11AE476B-DD55-40F9-A374-174808F0C106}.Debug|Any CPU.Build.0 = Release|Any CPU
		{11AE476B-DD55-40F9-A374-174808F0C106}.Release|Any CPU.ActiveCfg = Release|Any CPU
		{11AE476B-DD55-40F9-A374-174808F0C106}.Release|Any CPU.Build.0 = Release|Any CPU
	EndGlobalSection
	GlobalSection(SolutionProperties) = preSolution
		HideSolutionNode = FALSE
	EndGlobalSection
	GlobalSection(ExtensibilityGlobals) = postSolution
		SolutionGuid = {33652D3D-B51F-4902-8569-EDB92B2EF772}
	EndGlobalSection
EndGlobal
